
Microsoft Visual Studio Solution File, Format Version 12.00
# Visual Studio Version 16
VisualStudioVersion = 16.0.29230.47
MinimumVisualStudioVersion = 10.0.40219.1
Project("{9A19103F-16F7-4668-BE54-9A1E7A4F7556}") = "Web.API", "Web.API\Web.API.csproj", "{5ECAC351-3B4C-4842-B99F-4B0A2854E096}"
EndProject
Project("{9A19103F-16F7-4668-BE54-9A1E7A4F7556}") = "Web.Api.Core", "Web.Api.Core\Web.Api.Core.csproj", "{386CBF3E-E0D0-46A4-BF3A-2FB19707605D}"
EndProject
Project("{9A19103F-16F7-4668-BE54-9A1E7A4F7556}") = "Web.Api.Infrastructure", "Web.Api.Infrastructure\Web.Api.Infrastructure.csproj", "{57B00729-0DE1-4748-A6CB-067A3D1A40A1}"
EndProject
Project("{2150E333-8FDC-42A3-9474-1A3956D46DE8}") = "Tests", "Tests", "{C9BAE1BA-FDA4-49D4-B940-6F023C82BAE6}"
EndProject
Project("{FAE04EC0-301F-11D3-BF4B-00C04F79EFBC}") = "Web.Api.Core.UnitTests", "Web.Api.Core.UnitTests\Web.Api.Core.UnitTests.csproj", "{12F45C60-3004-4DC2-B300-A1F1E172EDD1}"
EndProject
Global
	GlobalSection(SolutionConfigurationPlatforms) = preSolution
		Debug|Any CPU = Debug|Any CPU
		Release|Any CPU = Release|Any CPU
	EndGlobalSection
	GlobalSection(ProjectConfigurationPlatforms) = postSolution
		{5ECAC351-3B4C-4842-B99F-4B0A2854E096}.Debug|Any CPU.ActiveCfg = Debug|Any CPU
		{5ECAC351-3B4C-4842-B99F-4B0A2854E096}.Debug|Any CPU.Build.0 = Debug|Any CPU
		{5ECAC351-3B4C-4842-B99F-4B0A2854E096}.Release|Any CPU.ActiveCfg = Release|Any CPU
		{5ECAC351-3B4C-4842-B99F-4B0A2854E096}.Release|Any CPU.Build.0 = Release|Any CPU
		{386CBF3E-E0D0-46A4-BF3A-2FB19707605D}.Debug|Any CPU.ActiveCfg = Debug|Any CPU
		{386CBF3E-E0D0-46A4-BF3A-2FB19707605D}.Debug|Any CPU.Build.0 = Debug|Any CPU
		{386CBF3E-E0D0-46A4-BF3A-2FB19707605D}.Release|Any CPU.ActiveCfg = Release|Any CPU
		{386CBF3E-E0D0-46A4-BF3A-2FB19707605D}.Release|Any CPU.Build.0 = Release|Any CPU
		{57B00729-0DE1-4748-A6CB-067A3D1A40A1}.Debug|Any CPU.ActiveCfg = Debug|Any CPU
		{57B00729-0DE1-4748-A6CB-067A3D1A40A1}.Debug|Any CPU.Build.0 = Debug|Any CPU
		{57B00729-0DE1-4748-A6CB-067A3D1A40A1}.Release|Any CPU.ActiveCfg = Release|Any CPU
		{57B00729-0DE1-4748-A6CB-067A3D1A40A1}.Release|Any CPU.Build.0 = Release|Any CPU
		{12F45C60-3004-4DC2-B300-A1F1E172EDD1}.Debug|Any CPU.ActiveCfg = Debug|Any CPU
		{12F45C60-3004-4DC2-B300-A1F1E172EDD1}.Debug|Any CPU.Build.0 = Debug|Any CPU
		{12F45C60-3004-4DC2-B300-A1F1E172EDD1}.Release|Any CPU.ActiveCfg = Release|Any CPU
		{12F45C60-3004-4DC2-B300-A1F1E172EDD1}.Release|Any CPU.Build.0 = Release|Any CPU
	EndGlobalSection
	GlobalSection(SolutionProperties) = preSolution
		HideSolutionNode = FALSE
	EndGlobalSection
	GlobalSection(NestedProjects) = preSolution
		{12F45C60-3004-4DC2-B300-A1F1E172EDD1} = {C9BAE1BA-FDA4-49D4-B940-6F023C82BAE6}
	EndGlobalSection
	GlobalSection(ExtensibilityGlobals) = postSolution
		SolutionGuid = {4676E6FB-6946-456A-B7A1-133392C18CD0}
	EndGlobalSection
EndGlobal
